
Microsoft Visual Studio Solution File, Format Version 12.00
# Visual Studio Version 16
VisualStudioVersion = 16.0.32106.194
MinimumVisualStudioVersion = 10.0.40219.1
Project("{FAE04EC0-301F-11D3-BF4B-00C04F79EFBC}") = "Lab2", "Lab2\Lab2.csproj", "{F96F9399-BAA8-44D4-9B28-9521A4858346}"
EndProject
Global
	GlobalSection(SolutionConfigurationPlatforms) = preSolution
		Debug|Any CPU = Debug|Any CPU
		Release|Any CPU = Release|Any CPU
	EndGlobalSection
	GlobalSection(ProjectConfigurationPlatforms) = postSolution
		{F96F9399-BAA8-44D4-9B28-9521A4858346}.Debug|Any CPU.ActiveCfg = Debug|Any CPU
		{F96F9399-BAA8-44D4-9B28-9521A4858346}.Debug|Any CPU.Build.0 = Debug|Any CPU
		{F96F9399-BAA8-44D4-9B28-9521A4858346}.Release|Any CPU.ActiveCfg = Release|Any CPU
		{F96F9399-BAA8-44D4-9B28-9521A4858346}.Release|Any CPU.Build.0 = Release|Any CPU
	EndGlobalSection
	GlobalSection(SolutionProperties) = preSolution
		HideSolutionNode = FALSE
	EndGlobalSection
	GlobalSection(ExtensibilityGlobals) = postSolution
		SolutionGuid = {70A34699-3478-490E-8739-C16AFB028627}
	EndGlobalSection
EndGlobal
